
Microsoft Visual Studio Solution File, Format Version 12.00
# Visual Studio Version 17
VisualStudioVersion = 17.9.34728.123
MinimumVisualStudioVersion = 10.0.40219.1
Project("{FAE04EC0-301F-11D3-BF4B-00C04F79EFBC}") = "Implementando Lista - aula 13", "Implementando Lista - aula 13\Implementando Lista - aula 13.csproj", "{022E6975-83FF-4967-9ED4-7078E54851E7}"
EndProject
Global
	GlobalSection(SolutionConfigurationPlatforms) = preSolution
		Debug|Any CPU = Debug|Any CPU
		Release|Any CPU = Release|Any CPU
	EndGlobalSection
	GlobalSection(ProjectConfigurationPlatforms) = postSolution
		{022E6975-83FF-4967-9ED4-7078E54851E7}.Debug|Any CPU.ActiveCfg = Debug|Any CPU
		{022E6975-83FF-4967-9ED4-7078E54851E7}.Debug|Any CPU.Build.0 = Debug|Any CPU
		{022E6975-83FF-4967-9ED4-7078E54851E7}.Release|Any CPU.ActiveCfg = Release|Any CPU
		{022E6975-83FF-4967-9ED4-7078E54851E7}.Release|Any CPU.Build.0 = Release|Any CPU
	EndGlobalSection
	GlobalSection(SolutionProperties) = preSolution
		HideSolutionNode = FALSE
	EndGlobalSection
	GlobalSection(ExtensibilityGlobals) = postSolution
		SolutionGuid = {396F513D-F90B-41D5-8484-94CB60B77102}
	EndGlobalSection
EndGlobal
